{
  "object": {
    "pins": [
      {
        "package": "GSPlayer",
        "repositoryURL": "https://github.com/iworker/GSPlayer.git",
        "state": {
          "branch": null,
          "revision": "6d739abecf1e25a69fda2adaf25381df8fe04c64",
          "version": "0.2.28-selfplus"
        }
      }
    ]
  },
  "version": 1
}
