{
  "object": {
    "pins": [
      {
        "package": "GSPlayer",
        "repositoryURL": "https://github.com/iworker/GSPlayer.git",
        "state": {
          "branch": null,
          "revision": "db87c42c68f77477e0a4c0e914aa882ff570b33d",
          "version": "0.2.29-selfplus"
        }
      }
    ]
  },
  "version": 1
}
