{
  "object": {
    "pins": [
      {
        "package": "GSPlayer",
        "repositoryURL": "https://github.com/iworker/GSPlayer.git",
        "state": {
          "branch": null,
          "revision": "a119d115fa51d7061ec026c359b832cc77e073ac",
          "version": "0.2.27-selfplus"
        }
      }
    ]
  },
  "version": 1
}
